
Microsoft Visual Studio Solution File, Format Version 12.00
# Visual Studio Version 17
VisualStudioVersion = 17.7.34003.232
MinimumVisualStudioVersion = 10.0.40219.1
Project("{FAE04EC0-301F-11D3-BF4B-00C04F79EFBC}") = "HomeTask_28", "HomeTask_28.csproj", "{A33EDE63-2F80-4AF8-8F51-C387C87AA022}"
EndProject
Global
	GlobalSection(SolutionConfigurationPlatforms) = preSolution
		Debug|Any CPU = Debug|Any CPU
		Release|Any CPU = Release|Any CPU
	EndGlobalSection
	GlobalSection(ProjectConfigurationPlatforms) = postSolution
		{A33EDE63-2F80-4AF8-8F51-C387C87AA022}.Debug|Any CPU.ActiveCfg = Debug|Any CPU
		{A33EDE63-2F80-4AF8-8F51-C387C87AA022}.Debug|Any CPU.Build.0 = Debug|Any CPU
		{A33EDE63-2F80-4AF8-8F51-C387C87AA022}.Release|Any CPU.ActiveCfg = Release|Any CPU
		{A33EDE63-2F80-4AF8-8F51-C387C87AA022}.Release|Any CPU.Build.0 = Release|Any CPU
	EndGlobalSection
	GlobalSection(SolutionProperties) = preSolution
		HideSolutionNode = FALSE
	EndGlobalSection
	GlobalSection(ExtensibilityGlobals) = postSolution
		SolutionGuid = {C1F4CF5B-6CA1-4C3F-9254-D8EC382A73E6}
	EndGlobalSection
EndGlobal
